// !$*UTF8*$!
{
	archiveVersion = 1;
	classes = {
	};
	objectVersion = 55;
	objects = {

/* Begin PBXBuildFile section */
		EAB8B90227ADB60700FE7C2E /* AppDelegate.swift in Sources */ = {isa = PBXBuildFile; fileRef = EAB8B90127ADB60700FE7C2E /* AppDelegate.swift */; };
		EAB8B90427ADB60700FE7C2E /* SceneDelegate.swift in Sources */ = {isa = PBXBuildFile; fileRef = EAB8B90327ADB60700FE7C2E /* SceneDelegate.swift */; };
		EAB8B90627ADB60700FE7C2E /* ViewController.swift in Sources */ = {isa = PBXBuildFile; fileRef = EAB8B90527ADB60700FE7C2E /* ViewController.swift */; };
		EAB8B90927ADB60700FE7C2E /* Main.storyboard in Resources */ = {isa = PBXBuildFile; fileRef = EAB8B90727ADB60700FE7C2E /* Main.storyboard */; };
		EAB8B90B27ADB60900FE7C2E /* Assets.xcassets in Resources */ = {isa = PBXBuildFile; fileRef = EAB8B90A27ADB60900FE7C2E /* Assets.xcassets */; };
		EAB8B90E27ADB60900FE7C2E /* LaunchScreen.storyboard in Resources */ = {isa = PBXBuildFile; fileRef = EAB8B90C27ADB60900FE7C2E /* LaunchScreen.storyboard */; };
		EAB8B91927ADB60A00FE7C2E /* PreworkTests.swift in Sources */ = {isa = PBXBuildFile; fileRef = EAB8B91827ADB60A00FE7C2E /* PreworkTests.swift */; };
		EAB8B92327ADB60A00FE7C2E /* PreworkUITests.swift in Sources */ = {isa = PBXBuildFile; fileRef = EAB8B92227ADB60A00FE7C2E /* PreworkUITests.swift */; };
		EAB8B92527ADB60A00FE7C2E /* PreworkUITestsLaunchTests.swift in Sources */ = {isa = PBXBuildFile; fileRef = EAB8B92427ADB60A00FE7C2E /* PreworkUITestsLaunchTests.swift */; };
/* End PBXBuildFile section */

/* Begin PBXContainerItemProxy section */
		EAB8B91527ADB60A00FE7C2E /* PBXContainerItemProxy */ = {
			isa = PBXContainerItemProxy;
			containerPortal = EAB8B8F627ADB60600FE7C2E /* Project object */;
			proxyType = 1;
			remoteGlobalIDString = EAB8B8FD27ADB60600FE7C2E;
			remoteInfo = Prework;
		};
		EAB8B91F27ADB60A00FE7C2E /* PBXContainerItemProxy */ = {
			isa = PBXContainerItemProxy;
			containerPortal = EAB8B8F627ADB60600FE7C2E /* Project object */;
			proxyType = 1;
			remoteGlobalIDString = EAB8B8FD27ADB60600FE7C2E;
			remoteInfo = Prework;
		};
/* End PBXContainerItemProxy section */

/* Begin PBXFileReference section */
		EAB8B8FE27ADB60700FE7C2E /* Prework.app */ = {isa = PBXFileReference; explicitFileType = wrapper.application; includeInIndex = 0; path = Prework.app; sourceTree = BUILT_PRODUCTS_DIR; };
		EAB8B90127ADB60700FE7C2E /* AppDelegate.swift */ = {isa = PBXFileReference; lastKnownFileType = sourcecode.swift; path = AppDelegate.swift; sourceTree = "<group>"; };
		EAB8B90327ADB60700FE7C2E /* SceneDelegate.swift */ = {isa = PBXFileReference; lastKnownFileType = sourcecode.swift; path = SceneDelegate.swift; sourceTree = "<group>"; };
		EAB8B90527ADB60700FE7C2E /* ViewController.swift */ = {isa = PBXFileReference; lastKnownFileType = sourcecode.swift; path = ViewController.swift; sourceTree = "<group>"; };
		EAB8B90827ADB60700FE7C2E /* Base */ = {isa = PBXFileReference; lastKnownFileType = file.storyboard; name = Base; path = Base.lproj/Main.storyboard; sourceTree = "<group>"; };
		EAB8B90A27ADB60900FE7C2E /* Assets.xcassets */ = {isa = PBXFileReference; lastKnownFileType = folder.assetcatalog; path = Assets.xcassets; sourceTree = "<group>"; };
		EAB8B90D27ADB60900FE7C2E /* Base */ = {isa = PBXFileReference; lastKnownFileType = file.storyboard; name = Base; path = Base.lproj/LaunchScreen.storyboard; sourceTree = "<group>"; };
		EAB8B90F27ADB60900FE7C2E /* Info.plist */ = {isa = PBXFileReference; lastKnownFileType = text.plist.xml; path = Info.plist; sourceTree = "<group>"; };
		EAB8B91427ADB60A00FE7C2E /* PreworkTests.xctest */ = {isa = PBXFileReference; explicitFileType = wrapper.cfbundle; includeInIndex = 0; path = PreworkTests.xctest; sourceTree = BUILT_PRODUCTS_DIR; };
		EAB8B91827ADB60A00FE7C2E /* PreworkTests.swift */ = {isa = PBXFileReference; lastKnownFileType = sourcecode.swift; path = PreworkTests.swift; sourceTree = "<group>"; };
		EAB8B91E27ADB60A00FE7C2E /* PreworkUITests.xctest */ = {isa = PBXFileReference; explicitFileType = wrapper.cfbundle; includeInIndex = 0; path = PreworkUITests.xctest; sourceTree = BUILT_PRODUCTS_DIR; };
		EAB8B92227ADB60A00FE7C2E /* PreworkUITests.swift */ = {isa = PBXFileReference; lastKnownFileType = sourcecode.swift; path = PreworkUITests.swift; sourceTree = "<group>"; };
		EAB8B92427ADB60A00FE7C2E /* PreworkUITestsLaunchTests.swift */ = {isa = PBXFileReference; lastKnownFileType = sourcecode.swift; path = PreworkUITestsLaunchTests.swift; sourceTree = "<group>"; };
/* End PBXFileReference section */

/* Begin PBXFrameworksBuildPhase section */
		EAB8B8FB27ADB60600FE7C2E /* Frameworks */ = {
			isa = PBXFrameworksBuildPhase;
			buildActionMask = 2147483647;
			files = (
			);
			runOnlyForDeploymentPostprocessing = 0;
		};
		EAB8B91127ADB60A00FE7C2E /* Frameworks */ = {
			isa = PBXFrameworksBuildPhase;
			buildActionMask = 2147483647;
			files = (
			);
			runOnlyForDeploymentPostprocessing = 0;
		};
		EAB8B91B27ADB60A00FE7C2E /* Frameworks */ = {
			isa = PBXFrameworksBuildPhase;
			buildActionMask = 2147483647;
			files = (
			);
			runOnlyForDeploymentPostprocessing = 0;
		};
/* End PBXFrameworksBuildPhase section */

/* Begin PBXGroup section */
		EAB8B8F527ADB60600FE7C2E = {
			isa = PBXGroup;
			children = (
				EAB8B90027ADB60700FE7C2E /* Prework */,
				EAB8B91727ADB60A00FE7C2E /* PreworkTests */,
				EAB8B92127ADB60A00FE7C2E /* PreworkUITests */,
				EAB8B8FF27ADB60700FE7C2E /* Products */,
			);
			sourceTree = "<group>";
		};
		EAB8B8FF27ADB60700FE7C2E /* Products */ = {
			isa = PBXGroup;
			children = (
				EAB8B8FE27ADB60700FE7C2E /* Prework.app */,
				EAB8B91427ADB60A00FE7C2E /* PreworkTests.xctest */,
				EAB8B91E27ADB60A00FE7C2E /* PreworkUITests.xctest */,
			);
			name = Products;
			sourceTree = "<group>";
		};
		EAB8B90027ADB60700FE7C2E /* Prework */ = {
			isa = PBXGroup;
			children = (
				EAB8B90127ADB60700FE7C2E /* AppDelegate.swift */,
				EAB8B90327ADB60700FE7C2E /* SceneDelegate.swift */,
				EAB8B90527ADB60700FE7C2E /* ViewController.swift */,
				EAB8B90727ADB60700FE7C2E /* Main.storyboard */,
				EAB8B90A27ADB60900FE7C2E /* Assets.xcassets */,
				EAB8B90C27ADB60900FE7C2E /* LaunchScreen.storyboard */,
				EAB8B90F27ADB60900FE7C2E /* Info.plist */,
			);
			path = Prework;
			sourceTree = "<group>";
		};
		EAB8B91727ADB60A00FE7C2E /* PreworkTests */ = {
			isa = PBXGroup;
			children = (
				EAB8B91827ADB60A00FE7C2E /* PreworkTests.swift */,
			);
			path = PreworkTests;
			sourceTree = "<group>";
		};
		EAB8B92127ADB60A00FE7C2E /* PreworkUITests */ = {
			isa = PBXGroup;
			children = (
				EAB8B92227ADB60A00FE7C2E /* PreworkUITests.swift */,
				EAB8B92427ADB60A00FE7C2E /* PreworkUITestsLaunchTests.swift */,
			);
			path = PreworkUITests;
			sourceTree = "<group>";
		};
/* End PBXGroup section */

/* Begin PBXNativeTarget section */
		EAB8B8FD27ADB60600FE7C2E /* Prework */ = {
			isa = PBXNativeTarget;
			buildConfigurationList = EAB8B92827ADB60A00FE7C2E /* Build configuration list for PBXNativeTarget "Prework" */;
			buildPhases = (
				EAB8B8FA27ADB60600FE7C2E /* Sources */,
				EAB8B8FB27ADB60600FE7C2E /* Frameworks */,
				EAB8B8FC27ADB60600FE7C2E /* Resources */,
			);
			buildRules = (
			);
			dependencies = (
			);
			name = Prework;
			productName = Prework;
			productReference = EAB8B8FE27ADB60700FE7C2E /* Prework.app */;
			productType = "com.apple.product-type.application";
		};
		EAB8B91327ADB60A00FE7C2E /* PreworkTests */ = {
			isa = PBXNativeTarget;
			buildConfigurationList = EAB8B92B27ADB60A00FE7C2E /* Build configuration list for PBXNativeTarget "PreworkTests" */;
			buildPhases = (
				EAB8B91027ADB60A00FE7C2E /* Sources */,
				EAB8B91127ADB60A00FE7C2E /* Frameworks */,
				EAB8B91227ADB60A00FE7C2E /* Resources */,
			);
			buildRules = (
			);
			dependencies = (
				EAB8B91627ADB60A00FE7C2E /* PBXTargetDependency */,
			);
			name = PreworkTests;
			productName = PreworkTests;
			productReference = EAB8B91427ADB60A00FE7C2E /* PreworkTests.xctest */;
			productType = "com.apple.product-type.bundle.unit-test";
		};
		EAB8B91D27ADB60A00FE7C2E /* PreworkUITests */ = {
			isa = PBXNativeTarget;
			buildConfigurationList = EAB8B92E27ADB60A00FE7C2E /* Build configuration list for PBXNativeTarget "PreworkUITests" */;
			buildPhases = (
				EAB8B91A27ADB60A00FE7C2E /* Sources */,
				EAB8B91B27ADB60A00FE7C2E /* Frameworks */,
				EAB8B91C27ADB60A00FE7C2E /* Resources */,
			);
			buildRules = (
			);
			dependencies = (
				EAB8B92027ADB60A00FE7C2E /* PBXTargetDependency */,
			);
			name = PreworkUITests;
			productName = PreworkUITests;
			productReference = EAB8B91E27ADB60A00FE7C2E /* PreworkUITests.xctest */;
			productType = "com.apple.product-type.bundle.ui-testing";
		};
/* End PBXNativeTarget section */

/* Begin PBXProject section */
		EAB8B8F627ADB60600FE7C2E /* Project object */ = {
			isa = PBXProject;
			attributes = {
				BuildIndependentTargetsInParallel = 1;
				LastSwiftUpdateCheck = 1320;
				LastUpgradeCheck = 1320;
				TargetAttributes = {
					EAB8B8FD27ADB60600FE7C2E = {
						CreatedOnToolsVersion = 13.2.1;
					};
					EAB8B91327ADB60A00FE7C2E = {
						CreatedOnToolsVersion = 13.2.1;
						TestTargetID = EAB8B8FD27ADB60600FE7C2E;
					};
					EAB8B91D27ADB60A00FE7C2E = {
						CreatedOnToolsVersion = 13.2.1;
						TestTargetID = EAB8B8FD27ADB60600FE7C2E;
					};
				};
			};
			buildConfigurationList = EAB8B8F927ADB60600FE7C2E /* Build configuration list for PBXProject "Prework" */;
			compatibilityVersion = "Xcode 13.0";
			developmentRegion = en;
			hasScannedForEncodings = 0;
			knownRegions = (
				en,
				Base,
			);
			mainGroup = EAB8B8F527ADB60600FE7C2E;
			productRefGroup = EAB8B8FF27ADB60700FE7C2E /* Products */;
			projectDirPath = "";
			projectRoot = "";
			targets = (
				EAB8B8FD27ADB60600FE7C2E /* Prework */,
				EAB8B91327ADB60A00FE7C2E /* PreworkTests */,
				EAB8B91D27ADB60A00FE7C2E /* PreworkUITests */,
			);
		};
/* End PBXProject section */

/* Begin PBXResourcesBuildPhase section */
		EAB8B8FC27ADB60600FE7C2E /* Resources */ = {
			isa = PBXResourcesBuildPhase;
			buildActionMask = 2147483647;
			files = (
				EAB8B90E27ADB60900FE7C2E /* LaunchScreen.storyboard in Resources */,
				EAB8B90B27ADB60900FE7C2E /* Assets.xcassets in Resources */,
				EAB8B90927ADB60700FE7C2E /* Main.storyboard in Resources */,
			);
			runOnlyForDeploymentPostprocessing = 0;
		};
		EAB8B91227ADB60A00FE7C2E /* Resources */ = {
			isa = PBXResourcesBuildPhase;
			buildActionMask = 2147483647;
			files = (
			);
			runOnlyForDeploymentPostprocessing = 0;
		};
		EAB8B91C27ADB60A00FE7C2E /* Resources */ = {
			isa = PBXResourcesBuildPhase;
			buildActionMask = 2147483647;
			files = (
			);
			runOnlyForDeploymentPostprocessing = 0;
		};
/* End PBXResourcesBuildPhase section */

/* Begin PBXSourcesBuildPhase section */
		EAB8B8FA27ADB60600FE7C2E /* Sources */ = {
			isa = PBXSourcesBuildPhase;
			buildActionMask = 2147483647;
			files = (
				EAB8B90627ADB60700FE7C2E /* ViewController.swift in Sources */,
				EAB8B90227ADB60700FE7C2E /* AppDelegate.swift in Sources */,
				EAB8B90427ADB60700FE7C2E /* SceneDelegate.swift in Sources */,
			);
			runOnlyForDeploymentPostprocessing = 0;
		};
		EAB8B91027ADB60A00FE7C2E /* Sources */ = {
			isa = PBXSourcesBuildPhase;
			buildActionMask = 2147483647;
			files = (
				EAB8B91927ADB60A00FE7C2E /* PreworkTests.swift in Sources */,
			);
			runOnlyForDeploymentPostprocessing = 0;
		};
		EAB8B91A27ADB60A00FE7C2E /* Sources */ = {
			isa = PBXSourcesBuildPhase;
			buildActionMask = 2147483647;
			files = (
				EAB8B92327ADB60A00FE7C2E /* PreworkUITests.swift in Sources */,
				EAB8B92527ADB60A00FE7C2E /* PreworkUITestsLaunchTests.swift in Sources */,
			);
			runOnlyForDeploymentPostprocessing = 0;
		};
/* End PBXSourcesBuildPhase section */

/* Begin PBXTargetDependency section */
		EAB8B91627ADB60A00FE7C2E /* PBXTargetDependency */ = {
			isa = PBXTargetDependency;
			target = EAB8B8FD27ADB60600FE7C2E /* Prework */;
			targetProxy = EAB8B91527ADB60A00FE7C2E /* PBXContainerItemProxy */;
		};
		EAB8B92027ADB60A00FE7C2E /* PBXTargetDependency */ = {
			isa = PBXTargetDependency;
			target = EAB8B8FD27ADB60600FE7C2E /* Prework */;
			targetProxy = EAB8B91F27ADB60A00FE7C2E /* PBXContainerItemProxy */;
		};
/* End PBXTargetDependency section */

/* Begin PBXVariantGroup section */
		EAB8B90727ADB60700FE7C2E /* Main.storyboard */ = {
			isa = PBXVariantGroup;
			children = (
				EAB8B90827ADB60700FE7C2E /* Base */,
			);
			name = Main.storyboard;
			sourceTree = "<group>";
		};
		EAB8B90C27ADB60900FE7C2E /* LaunchScreen.storyboard */ = {
			isa = PBXVariantGroup;
			children = (
				EAB8B90D27ADB60900FE7C2E /* Base */,
			);
			name = LaunchScreen.storyboard;
			sourceTree = "<group>";
		};
/* End PBXVariantGroup section */

/* Begin XCBuildConfiguration section */
		EAB8B92627ADB60A00FE7C2E /* Debug */ = {
			isa = XCBuildConfiguration;
			buildSettings = {
				ALWAYS_SEARCH_USER_PATHS = NO;
				CLANG_ANALYZER_NONNULL = YES;
				CLANG_ANALYZER_NUMBER_OBJECT_CONVERSION = YES_AGGRESSIVE;
				CLANG_CXX_LANGUAGE_STANDARD = "gnu++17";
				CLANG_CXX_LIBRARY = "libc++";
				CLANG_ENABLE_MODULES = YES;
				CLANG_ENABLE_OBJC_ARC = YES;
				CLANG_ENABLE_OBJC_WEAK = YES;
				CLANG_WARN_BLOCK_CAPTURE_AUTORELEASING = YES;
				CLANG_WARN_BOOL_CONVERSION = YES;
				CLANG_WARN_COMMA = YES;
				CLANG_WARN_CONSTANT_CONVERSION = YES;
				CLANG_WARN_DEPRECATED_OBJC_IMPLEMENTATIONS = YES;
				CLANG_WARN_DIRECT_OBJC_ISA_USAGE = YES_ERROR;
				CLANG_WARN_DOCUMENTATION_COMMENTS = YES;
				CLANG_WARN_EMPTY_BODY = YES;
				CLANG_WARN_ENUM_CONVERSION = YES;
				CLANG_WARN_INFINITE_RECURSION = YES;
				CLANG_WARN_INT_CONVERSION = YES;
				CLANG_WARN_NON_LITERAL_NULL_CONVERSION = YES;
				CLANG_WARN_OBJC_IMPLICIT_RETAIN_SELF = YES;
				CLANG_WARN_OBJC_LITERAL_CONVERSION = YES;
				CLANG_WARN_OBJC_ROOT_CLASS = YES_ERROR;
				CLANG_WARN_QUOTED_INCLUDE_IN_FRAMEWORK_HEADER = YES;
				CLANG_WARN_RANGE_LOOP_ANALYSIS = YES;
				CLANG_WARN_STRICT_PROTOTYPES = YES;
				CLANG_WARN_SUSPICIOUS_MOVE = YES;
				CLANG_WARN_UNGUARDED_AVAILABILITY = YES_AGGRESSIVE;
				CLANG_WARN_UNREACHABLE_CODE = YES;
				CLANG_WARN__DUPLICATE_METHOD_MATCH = YES;
				COPY_PHASE_STRIP = NO;
				DEBUG_INFORMATION_FORMAT = dwarf;
				ENABLE_STRICT_OBJC_MSGSEND = YES;
				ENABLE_TESTABILITY = YES;
				GCC_C_LANGUAGE_STANDARD = gnu11;
				GCC_DYNAMIC_NO_PIC = NO;
				GCC_NO_COMMON_BLOCKS = YES;
				GCC_OPTIMIZATION_LEVEL = 0;
				GCC_PREPROCESSOR_DEFINITIONS = (
					"DEBUG=1",
					"$(inherited)",
				);
				GCC_WARN_64_TO_32_BIT_CONVERSION = YES;
				GCC_WARN_ABOUT_RETURN_TYPE = YES_ERROR;
				GCC_WARN_UNDECLARED_SELECTOR = YES;
				GCC_WARN_UNINITIALIZED_AUTOS = YES_AGGRESSIVE;
				GCC_WARN_UNUSED_FUNCTION = YES;
				GCC_WARN_UNUSED_VARIABLE = YES;
				IPHONEOS_DEPLOYMENT_TARGET = 15.2;
				MTL_ENABLE_DEBUG_INFO = INCLUDE_SOURCE;
				MTL_FAST_MATH = YES;
				ONLY_ACTIVE_ARCH = YES;
				SDKROOT = iphoneos;
				SWIFT_ACTIVE_COMPILATION_CONDITIONS = DEBUG;
				SWIFT_OPTIMIZATION_LEVEL = "-Onone";
			};
			name = Debug;
		};
		EAB8B92727ADB60A00FE7C2E /* Release */ = {
			isa = XCBuildConfiguration;
			buildSettings = {
				ALWAYS_SEARCH_USER_PATHS = NO;
				CLANG_ANALYZER_NONNULL = YES;
				CLANG_ANALYZER_NUMBER_OBJECT_CONVERSION = YES_AGGRESSIVE;
				CLANG_CXX_LANGUAGE_STANDARD = "gnu++17";
				CLANG_CXX_LIBRARY = "libc++";
				CLANG_ENABLE_MODULES = YES;
				CLANG_ENABLE_OBJC_ARC = YES;
				CLANG_ENABLE_OBJC_WEAK = YES;
				CLANG_WARN_BLOCK_CAPTURE_AUTORELEASING = YES;
				CLANG_WARN_BOOL_CONVERSION = YES;
				CLANG_WARN_COMMA = YES;
				CLANG_WARN_CONSTANT_CONVERSION = YES;
				CLANG_WARN_DEPRECATED_OBJC_IMPLEMENTATIONS = YES;
				CLANG_WARN_DIRECT_OBJC_ISA_USAGE = YES_ERROR;
				CLANG_WARN_DOCUMENTATION_COMMENTS = YES;
				CLANG_WARN_EMPTY_BODY = YES;
				CLANG_WARN_ENUM_CONVERSION = YES;
				CLANG_WARN_INFINITE_RECURSION = YES;
				CLANG_WARN_INT_CONVERSION = YES;
				CLANG_WARN_NON_LITERAL_NULL_CONVERSION = YES;
				CLANG_WARN_OBJC_IMPLICIT_RETAIN_SELF = YES;
				CLANG_WARN_OBJC_LITERAL_CONVERSION = YES;
				CLANG_WARN_OBJC_ROOT_CLASS = YES_ERROR;
				CLANG_WARN_QUOTED_INCLUDE_IN_FRAMEWORK_HEADER = YES;
				CLANG_WARN_RANGE_LOOP_ANALYSIS = YES;
				CLANG_WARN_STRICT_PROTOTYPES = YES;
				CLANG_WARN_SUSPICIOUS_MOVE = YES;
				CLANG_WARN_UNGUARDED_AVAILABILITY = YES_AGGRESSIVE;
				CLANG_WARN_UNREACHABLE_CODE = YES;
				CLANG_WARN__DUPLICATE_METHOD_MATCH = YES;
				COPY_PHASE_STRIP = NO;
				DEBUG_INFORMATION_FORMAT = "dwarf-with-dsym";
				ENABLE_NS_ASSERTIONS = NO;
				ENABLE_STRICT_OBJC_MSGSEND = YES;
				GCC_C_LANGUAGE_STANDARD = gnu11;
				GCC_NO_COMMON_BLOCKS = YES;
				GCC_WARN_64_TO_32_BIT_CONVERSION = YES;
				GCC_WARN_ABOUT_RETURN_TYPE = YES_ERROR;
				GCC_WARN_UNDECLARED_SELECTOR = YES;
				GCC_WARN_UNINITIALIZED_AUTOS = YES_AGGRESSIVE;
				GCC_WARN_UNUSED_FUNCTION = YES;
				GCC_WARN_UNUSED_VARIABLE = YES;
				IPHONEOS_DEPLOYMENT_TARGET = 15.2;
				MTL_ENABLE_DEBUG_INFO = NO;
				MTL_FAST_MATH = YES;
				SDKROOT = iphoneos;
				SWIFT_COMPILATION_MODE = wholemodule;
				SWIFT_OPTIMIZATION_LEVEL = "-O";
				VALIDATE_PRODUCT = YES;
			};
			name = Release;
		};
		EAB8B92927ADB60A00FE7C2E /* Debug */ = {
			isa = XCBuildConfiguration;
			buildSettings = {
				ASSETCATALOG_COMPILER_APPICON_NAME = AppIcon;
				ASSETCATALOG_COMPILER_GLOBAL_ACCENT_COLOR_NAME = AccentColor;
				CODE_SIGN_STYLE = Automatic;
				CURRENT_PROJECT_VERSION = 1;
				GENERATE_INFOPLIST_FILE = YES;
				INFOPLIST_FILE = Prework/Info.plist;
				INFOPLIST_KEY_UIApplicationSupportsIndirectInputEvents = YES;
				INFOPLIST_KEY_UILaunchStoryboardName = LaunchScreen;
				INFOPLIST_KEY_UIMainStoryboardFile = Main;
				INFOPLIST_KEY_UISupportedInterfaceOrientations_iPad = "UIInterfaceOrientationPortrait UIInterfaceOrientationPortraitUpsideDown UIInterfaceOrientationLandscapeLeft UIInterfaceOrientationLandscapeRight";
				INFOPLIST_KEY_UISupportedInterfaceOrientations_iPhone = "UIInterfaceOrientationPortrait UIInterfaceOrientationLandscapeLeft UIInterfaceOrientationLandscapeRight";
				LD_RUNPATH_SEARCH_PATHS = (
					"$(inherited)",
					"@executable_path/Frameworks",
				);
				MARKETING_VERSION = 1.0;
				PRODUCT_BUNDLE_IDENTIFIER = memo.com.Prework;
				PRODUCT_NAME = "$(TARGET_NAME)";
				SWIFT_EMIT_LOC_STRINGS = YES;
				SWIFT_VERSION = 5.0;
				TARGETED_DEVICE_FAMILY = "1,2";
			};
			name = Debug;
		};
		EAB8B92A27ADB60A00FE7C2E /* Release */ = {
			isa = XCBuildConfiguration;
			buildSettings = {
				ASSETCATALOG_COMPILER_APPICON_NAME = AppIcon;
				ASSETCATALOG_COMPILER_GLOBAL_ACCENT_COLOR_NAME = AccentColor;
				CODE_SIGN_STYLE = Automatic;
				CURRENT_PROJECT_VERSION = 1;
				GENERATE_INFOPLIST_FILE = YES;
				INFOPLIST_FILE = Prework/Info.plist;
				INFOPLIST_KEY_UIApplicationSupportsIndirectInputEvents = YES;
				INFOPLIST_KEY_UILaunchStoryboardName = LaunchScreen;
				INFOPLIST_KEY_UIMainStoryboardFile = Main;
				INFOPLIST_KEY_UISupportedInterfaceOrientations_iPad = "UIInterfaceOrientationPortrait UIInterfaceOrientationPortraitUpsideDown UIInterfaceOrientationLandscapeLeft UIInterfaceOrientationLandscapeRight";
				INFOPLIST_KEY_UISupportedInterfaceOrientations_iPhone = "UIInterfaceOrientationPortrait UIInterfaceOrientationLandscapeLeft UIInterfaceOrientationLandscapeRight";
				LD_RUNPATH_SEARCH_PATHS = (
					"$(inherited)",
					"@executable_path/Frameworks",
				);
				MARKETING_VERSION = 1.0;
				PRODUCT_BUNDLE_IDENTIFIER = memo.com.Prework;
				PRODUCT_NAME = "$(TARGET_NAME)";
				SWIFT_EMIT_LOC_STRINGS = YES;
				SWIFT_VERSION = 5.0;
				TARGETED_DEVICE_FAMILY = "1,2";
			};
			name = Release;
		};
		EAB8B92C27ADB60A00FE7C2E /* Debug */ = {
			isa = XCBuildConfiguration;
			buildSettings = {
				ALWAYS_EMBED_SWIFT_STANDARD_LIBRARIES = YES;
				BUNDLE_LOADER = "$(TEST_HOST)";
				CODE_SIGN_STYLE = Automatic;
				CURRENT_PROJECT_VERSION = 1;
				GENERATE_INFOPLIST_FILE = YES;
				IPHONEOS_DEPLOYMENT_TARGET = 15.2;
				MARKETING_VERSION = 1.0;
				PRODUCT_BUNDLE_IDENTIFIER = memo.com.PreworkTests;
				PRODUCT_NAME = "$(TARGET_NAME)";
				SWIFT_EMIT_LOC_STRINGS = NO;
				SWIFT_VERSION = 5.0;
				TARGETED_DEVICE_FAMILY = "1,2";
				TEST_HOST = "$(BUILT_PRODUCTS_DIR)/Prework.app/Prework";
			};
			name = Debug;
		};
		EAB8B92D27ADB60A00FE7C2E /* Release */ = {
			isa = XCBuildConfiguration;
			buildSettings = {
				ALWAYS_EMBED_SWIFT_STANDARD_LIBRARIES = YES;
				BUNDLE_LOADER = "$(TEST_HOST)";
				CODE_SIGN_STYLE = Automatic;
				CURRENT_PROJECT_VERSION = 1;
				GENERATE_INFOPLIST_FILE = YES;
				IPHONEOS_DEPLOYMENT_TARGET = 15.2;
				MARKETING_VERSION = 1.0;
				PRODUCT_BUNDLE_IDENTIFIER = memo.com.PreworkTests;
				PRODUCT_NAME = "$(TARGET_NAME)";
				SWIFT_EMIT_LOC_STRINGS = NO;
				SWIFT_VERSION = 5.0;
				TARGETED_DEVICE_FAMILY = "1,2";
				TEST_HOST = "$(BUILT_PRODUCTS_DIR)/Prework.app/Prework";
			};
			name = Release;
		};
		EAB8B92F27ADB60A00FE7C2E /* Debug */ = {
			isa = XCBuildConfiguration;
			buildSettings = {
				ALWAYS_EMBED_SWIFT_STANDARD_LIBRARIES = YES;
				CODE_SIGN_STYLE = Automatic;
				CURRENT_PROJECT_VERSION = 1;
				GENERATE_INFOPLIST_FILE = YES;
				MARKETING_VERSION = 1.0;
				PRODUCT_BUNDLE_IDENTIFIER = memo.com.PreworkUITests;
				PRODUCT_NAME = "$(TARGET_NAME)";
				SWIFT_EMIT_LOC_STRINGS = NO;
				SWIFT_VERSION = 5.0;
				TARGETED_DEVICE_FAMILY = "1,2";
				TEST_TARGET_NAME = Prework;
			};
			name = Debug;
		};
		EAB8B93027ADB60A00FE7C2E /* Release */ = {
			isa = XCBuildConfiguration;
			buildSettings = {
				ALWAYS_EMBED_SWIFT_STANDARD_LIBRARIES = YES;
				CODE_SIGN_STYLE = Automatic;
				CURRENT_PROJECT_VERSION = 1;
				GENERATE_INFOPLIST_FILE = YES;
				MARKETING_VERSION = 1.0;
				PRODUCT_BUNDLE_IDENTIFIER = memo.com.PreworkUITests;
				PRODUCT_NAME = "$(TARGET_NAME)";
				SWIFT_EMIT_LOC_STRINGS = NO;
				SWIFT_VERSION = 5.0;
				TARGETED_DEVICE_FAMILY = "1,2";
				TEST_TARGET_NAME = Prework;
			};
			name = Release;
		};
/* End XCBuildConfiguration section */

/* Begin XCConfigurationList section */
		EAB8B8F927ADB60600FE7C2E /* Build configuration list for PBXProject "Prework" */ = {
			isa = XCConfigurationList;
			buildConfigurations = (
				EAB8B92627ADB60A00FE7C2E /* Debug */,
				EAB8B92727ADB60A00FE7C2E /* Release */,
			);
			defaultConfigurationIsVisible = 0;
			defaultConfigurationName = Release;
		};
		EAB8B92827ADB60A00FE7C2E /* Build configuration list for PBXNativeTarget "Prework" */ = {
			isa = XCConfigurationList;
			buildConfigurations = (
				EAB8B92927ADB60A00FE7C2E /* Debug */,
				EAB8B92A27ADB60A00FE7C2E /* Release */,
			);
			defaultConfigurationIsVisible = 0;
			defaultConfigurationName = Release;
		};
		EAB8B92B27ADB60A00FE7C2E /* Build configuration list for PBXNativeTarget "PreworkTests" */ = {
			isa = XCConfigurationList;
			buildConfigurations = (
				EAB8B92C27ADB60A00FE7C2E /* Debug */,
				EAB8B92D27ADB60A00FE7C2E /* Release */,
			);
			defaultConfigurationIsVisible = 0;
			defaultConfigurationName = Release;
		};
		EAB8B92E27ADB60A00FE7C2E /* Build configuration list for PBXNativeTarget "PreworkUITests" */ = {
			isa = XCConfigurationList;
			buildConfigurations = (
				EAB8B92F27ADB60A00FE7C2E /* Debug */,
				EAB8B93027ADB60A00FE7C2E /* Release */,
			);
			defaultConfigurationIsVisible = 0;
			defaultConfigurationName = Release;
		};
/* End XCConfigurationList section */
	};
	rootObject = EAB8B8F627ADB60600FE7C2E /* Project object */;
}
